// !$*UTF8*$!
{
	archiveVersion = 1;
	classes = {
	};
	objectVersion = 50;
	objects = {

/* Begin PBXBuildFile section */
		3F376AF08FC2EC75A94687F1 /* Pods_Smack.framework in Frameworks */ = {isa = PBXBuildFile; fileRef = 0048BDD9CC8DFA238A9FB6F3 /* Pods_Smack.framework */; };
		8D23B9F722C32DF200090FC5 /* RoundedButton.swift in Sources */ = {isa = PBXBuildFile; fileRef = 8D23B9F622C32DF200090FC5 /* RoundedButton.swift */; };
		8D346F2922B9D93800BADE38 /* SWRevealViewController.m in Sources */ = {isa = PBXBuildFile; fileRef = 8D346F2822B9D93800BADE38 /* SWRevealViewController.m */; };
		8D43AD4E22BA09050019B94A /* ChatVC.swift in Sources */ = {isa = PBXBuildFile; fileRef = 8D43AD4D22BA09050019B94A /* ChatVC.swift */; };
		8D43AD5022BA09390019B94A /* ChannelVC.swift in Sources */ = {isa = PBXBuildFile; fileRef = 8D43AD4F22BA09390019B94A /* ChannelVC.swift */; };
		8D45539222BCB10800527453 /* Constatnts.swift in Sources */ = {isa = PBXBuildFile; fileRef = 8D45539122BCB10800527453 /* Constatnts.swift */; };
		8D45539422BCC44500527453 /* LoginVC.swift in Sources */ = {isa = PBXBuildFile; fileRef = 8D45539322BCC44500527453 /* LoginVC.swift */; };
		8D45539622BDB33900527453 /* CreateAccountVC.swift in Sources */ = {isa = PBXBuildFile; fileRef = 8D45539522BDB33900527453 /* CreateAccountVC.swift */; };
		8D8DA9CF22B9C6880007C8A5 /* AppDelegate.swift in Sources */ = {isa = PBXBuildFile; fileRef = 8D8DA9CE22B9C6880007C8A5 /* AppDelegate.swift */; };
		8D8DA9D422B9C6880007C8A5 /* Main.storyboard in Resources */ = {isa = PBXBuildFile; fileRef = 8D8DA9D222B9C6880007C8A5 /* Main.storyboard */; };
		8D8DA9D622B9C6890007C8A5 /* Assets.xcassets in Resources */ = {isa = PBXBuildFile; fileRef = 8D8DA9D522B9C6890007C8A5 /* Assets.xcassets */; };
		8D8DA9D922B9C6890007C8A5 /* LaunchScreen.storyboard in Resources */ = {isa = PBXBuildFile; fileRef = 8D8DA9D722B9C6890007C8A5 /* LaunchScreen.storyboard */; };
		8DD33BBE22C1BE86008602AE /* AuthService.swift in Sources */ = {isa = PBXBuildFile; fileRef = 8DD33BBD22C1BE86008602AE /* AuthService.swift */; };
		8DDB094E22BC40BE004D897F /* GradientView.swift in Sources */ = {isa = PBXBuildFile; fileRef = 8DDB094D22BC40BE004D897F /* GradientView.swift */; };
		8DFBE0F922C848C60046A63F /* UserDataService.swift in Sources */ = {isa = PBXBuildFile; fileRef = 8DFBE0F822C848C60046A63F /* UserDataService.swift */; };
/* End PBXBuildFile section */

/* Begin PBXFileReference section */
		0048BDD9CC8DFA238A9FB6F3 /* Pods_Smack.framework */ = {isa = PBXFileReference; explicitFileType = wrapper.framework; includeInIndex = 0; path = Pods_Smack.framework; sourceTree = BUILT_PRODUCTS_DIR; };
		413127CAB77CDEEE414F72A2 /* Pods-Smack.debug.xcconfig */ = {isa = PBXFileReference; includeInIndex = 1; lastKnownFileType = text.xcconfig; name = "Pods-Smack.debug.xcconfig"; path = "Pods/Target Support Files/Pods-Smack/Pods-Smack.debug.xcconfig"; sourceTree = "<group>"; };
		8D23B9F622C32DF200090FC5 /* RoundedButton.swift */ = {isa = PBXFileReference; lastKnownFileType = sourcecode.swift; path = RoundedButton.swift; sourceTree = "<group>"; };
		8D346F2622B9D93700BADE38 /* Smack-Bridging-Header.h */ = {isa = PBXFileReference; lastKnownFileType = sourcecode.c.h; path = "Smack-Bridging-Header.h"; sourceTree = "<group>"; };
		8D346F2722B9D93800BADE38 /* SWRevealViewController.h */ = {isa = PBXFileReference; fileEncoding = 4; lastKnownFileType = sourcecode.c.h; path = SWRevealViewController.h; sourceTree = "<group>"; };
		8D346F2822B9D93800BADE38 /* SWRevealViewController.m */ = {isa = PBXFileReference; fileEncoding = 4; lastKnownFileType = sourcecode.c.objc; path = SWRevealViewController.m; sourceTree = "<group>"; };
		8D43AD4D22BA09050019B94A /* ChatVC.swift */ = {isa = PBXFileReference; lastKnownFileType = sourcecode.swift; path = ChatVC.swift; sourceTree = "<group>"; };
		8D43AD4F22BA09390019B94A /* ChannelVC.swift */ = {isa = PBXFileReference; lastKnownFileType = sourcecode.swift; path = ChannelVC.swift; sourceTree = "<group>"; };
		8D45539122BCB10800527453 /* Constatnts.swift */ = {isa = PBXFileReference; lastKnownFileType = sourcecode.swift; path = Constatnts.swift; sourceTree = "<group>"; };
		8D45539322BCC44500527453 /* LoginVC.swift */ = {isa = PBXFileReference; lastKnownFileType = sourcecode.swift; path = LoginVC.swift; sourceTree = "<group>"; };
		8D45539522BDB33900527453 /* CreateAccountVC.swift */ = {isa = PBXFileReference; lastKnownFileType = sourcecode.swift; path = CreateAccountVC.swift; sourceTree = "<group>"; };
		8D8DA9CB22B9C6880007C8A5 /* Smack.app */ = {isa = PBXFileReference; explicitFileType = wrapper.application; includeInIndex = 0; path = Smack.app; sourceTree = BUILT_PRODUCTS_DIR; };
		8D8DA9CE22B9C6880007C8A5 /* AppDelegate.swift */ = {isa = PBXFileReference; lastKnownFileType = sourcecode.swift; path = AppDelegate.swift; sourceTree = "<group>"; };
		8D8DA9D322B9C6880007C8A5 /* Base */ = {isa = PBXFileReference; lastKnownFileType = file.storyboard; name = Base; path = Base.lproj/Main.storyboard; sourceTree = "<group>"; };
		8D8DA9D522B9C6890007C8A5 /* Assets.xcassets */ = {isa = PBXFileReference; lastKnownFileType = folder.assetcatalog; path = Assets.xcassets; sourceTree = "<group>"; };
		8D8DA9D822B9C6890007C8A5 /* Base */ = {isa = PBXFileReference; lastKnownFileType = file.storyboard; name = Base; path = Base.lproj/LaunchScreen.storyboard; sourceTree = "<group>"; };
		8D8DA9DA22B9C6890007C8A5 /* Info.plist */ = {isa = PBXFileReference; lastKnownFileType = text.plist.xml; path = Info.plist; sourceTree = "<group>"; };
		8DD33BBD22C1BE86008602AE /* AuthService.swift */ = {isa = PBXFileReference; lastKnownFileType = sourcecode.swift; path = AuthService.swift; sourceTree = "<group>"; };
		8DDB094D22BC40BE004D897F /* GradientView.swift */ = {isa = PBXFileReference; lastKnownFileType = sourcecode.swift; path = GradientView.swift; sourceTree = "<group>"; };
		8DFBE0F822C848C60046A63F /* UserDataService.swift */ = {isa = PBXFileReference; lastKnownFileType = sourcecode.swift; path = UserDataService.swift; sourceTree = "<group>"; };
		F7B100CD222855825E14BE83 /* Pods-Smack.release.xcconfig */ = {isa = PBXFileReference; includeInIndex = 1; lastKnownFileType = text.xcconfig; name = "Pods-Smack.release.xcconfig"; path = "Pods/Target Support Files/Pods-Smack/Pods-Smack.release.xcconfig"; sourceTree = "<group>"; };
/* End PBXFileReference section */

/* Begin PBXFrameworksBuildPhase section */
		8D8DA9C822B9C6880007C8A5 /* Frameworks */ = {
			isa = PBXFrameworksBuildPhase;
			buildActionMask = 2147483647;
			files = (
				3F376AF08FC2EC75A94687F1 /* Pods_Smack.framework in Frameworks */,
			);
			runOnlyForDeploymentPostprocessing = 0;
		};
/* End PBXFrameworksBuildPhase section */

/* Begin PBXGroup section */
		145BBB0CA211D0B4D2633460 /* Frameworks */ = {
			isa = PBXGroup;
			children = (
				0048BDD9CC8DFA238A9FB6F3 /* Pods_Smack.framework */,
			);
			name = Frameworks;
			sourceTree = "<group>";
		};
		8D346F2522B9D8AD00BADE38 /* Supporting Files */ = {
			isa = PBXGroup;
			children = (
				8D346F2722B9D93800BADE38 /* SWRevealViewController.h */,
				8D346F2822B9D93800BADE38 /* SWRevealViewController.m */,
				8D346F2622B9D93700BADE38 /* Smack-Bridging-Header.h */,
			);
			path = "Supporting Files";
			sourceTree = "<group>";
		};
		8D43AD4A22BA072B0019B94A /* Controller */ = {
			isa = PBXGroup;
			children = (
				8D43AD4D22BA09050019B94A /* ChatVC.swift */,
				8D43AD4F22BA09390019B94A /* ChannelVC.swift */,
				8D45539322BCC44500527453 /* LoginVC.swift */,
				8D45539522BDB33900527453 /* CreateAccountVC.swift */,
			);
			path = Controller;
			sourceTree = "<group>";
		};
		8D43AD4B22BA07420019B94A /* View */ = {
			isa = PBXGroup;
			children = (
				8DDB094D22BC40BE004D897F /* GradientView.swift */,
				8D23B9F622C32DF200090FC5 /* RoundedButton.swift */,
			);
			path = View;
			sourceTree = "<group>";
		};
		8D43AD4C22BA07520019B94A /* Model */ = {
			isa = PBXGroup;
			children = (
			);
			path = Model;
			sourceTree = "<group>";
		};
		8D45539022BCB0AF00527453 /* Utilities */ = {
			isa = PBXGroup;
			children = (
				8D45539122BCB10800527453 /* Constatnts.swift */,
			);
			path = Utilities;
			sourceTree = "<group>";
		};
		8D8DA9C222B9C6880007C8A5 = {
			isa = PBXGroup;
			children = (
				8D8DA9CD22B9C6880007C8A5 /* Smack */,
				8D8DA9CC22B9C6880007C8A5 /* Products */,
				F3563E85AD5D6B50D1EA29A4 /* Pods */,
				145BBB0CA211D0B4D2633460 /* Frameworks */,
			);
			sourceTree = "<group>";
		};
		8D8DA9CC22B9C6880007C8A5 /* Products */ = {
			isa = PBXGroup;
			children = (
				8D8DA9CB22B9C6880007C8A5 /* Smack.app */,
			);
			name = Products;
			sourceTree = "<group>";
		};
		8D8DA9CD22B9C6880007C8A5 /* Smack */ = {
			isa = PBXGroup;
			children = (
				8DD33BBC22C1BE4A008602AE /* Services */,
				8D45539022BCB0AF00527453 /* Utilities */,
				8D43AD4C22BA07520019B94A /* Model */,
				8D43AD4B22BA07420019B94A /* View */,
				8D43AD4A22BA072B0019B94A /* Controller */,
				8D346F2522B9D8AD00BADE38 /* Supporting Files */,
				8D8DA9CE22B9C6880007C8A5 /* AppDelegate.swift */,
				8D8DA9D222B9C6880007C8A5 /* Main.storyboard */,
				8D8DA9D522B9C6890007C8A5 /* Assets.xcassets */,
				8D8DA9D722B9C6890007C8A5 /* LaunchScreen.storyboard */,
				8D8DA9DA22B9C6890007C8A5 /* Info.plist */,
			);
			path = Smack;
			sourceTree = "<group>";
		};
		8DD33BBC22C1BE4A008602AE /* Services */ = {
			isa = PBXGroup;
			children = (
				8DD33BBD22C1BE86008602AE /* AuthService.swift */,
				8DFBE0F822C848C60046A63F /* UserDataService.swift */,
			);
			path = Services;
			sourceTree = "<group>";
		};
		F3563E85AD5D6B50D1EA29A4 /* Pods */ = {
			isa = PBXGroup;
			children = (
				413127CAB77CDEEE414F72A2 /* Pods-Smack.debug.xcconfig */,
				F7B100CD222855825E14BE83 /* Pods-Smack.release.xcconfig */,
			);
			name = Pods;
			sourceTree = "<group>";
		};
/* End PBXGroup section */

/* Begin PBXNativeTarget section */
		8D8DA9CA22B9C6880007C8A5 /* Smack */ = {
			isa = PBXNativeTarget;
			buildConfigurationList = 8D8DA9DD22B9C6890007C8A5 /* Build configuration list for PBXNativeTarget "Smack" */;
			buildPhases = (
				B7DF30E96B7035AECA4A49BA /* [CP] Check Pods Manifest.lock */,
				8D8DA9C722B9C6880007C8A5 /* Sources */,
				8D8DA9C822B9C6880007C8A5 /* Frameworks */,
				8D8DA9C922B9C6880007C8A5 /* Resources */,
				A35D13268002580CBD1D864A /* [CP] Embed Pods Frameworks */,
			);
			buildRules = (
			);
			dependencies = (
			);
			name = Smack;
			productName = Smack;
			productReference = 8D8DA9CB22B9C6880007C8A5 /* Smack.app */;
			productType = "com.apple.product-type.application";
		};
/* End PBXNativeTarget section */

/* Begin PBXProject section */
		8D8DA9C322B9C6880007C8A5 /* Project object */ = {
			isa = PBXProject;
			attributes = {
				LastSwiftUpdateCheck = 1010;
				LastUpgradeCheck = 1010;
				ORGANIZATIONNAME = maksimus;
				TargetAttributes = {
					8D8DA9CA22B9C6880007C8A5 = {
						CreatedOnToolsVersion = 10.1;
						LastSwiftMigration = 1010;
					};
				};
			};
			buildConfigurationList = 8D8DA9C622B9C6880007C8A5 /* Build configuration list for PBXProject "Smack" */;
			compatibilityVersion = "Xcode 9.3";
			developmentRegion = en;
			hasScannedForEncodings = 0;
			knownRegions = (
				en,
				Base,
			);
			mainGroup = 8D8DA9C222B9C6880007C8A5;
			productRefGroup = 8D8DA9CC22B9C6880007C8A5 /* Products */;
			projectDirPath = "";
			projectRoot = "";
			targets = (
				8D8DA9CA22B9C6880007C8A5 /* Smack */,
			);
		};
/* End PBXProject section */

/* Begin PBXResourcesBuildPhase section */
		8D8DA9C922B9C6880007C8A5 /* Resources */ = {
			isa = PBXResourcesBuildPhase;
			buildActionMask = 2147483647;
			files = (
				8D8DA9D922B9C6890007C8A5 /* LaunchScreen.storyboard in Resources */,
				8D8DA9D622B9C6890007C8A5 /* Assets.xcassets in Resources */,
				8D8DA9D422B9C6880007C8A5 /* Main.storyboard in Resources */,
			);
			runOnlyForDeploymentPostprocessing = 0;
		};
/* End PBXResourcesBuildPhase section */

/* Begin PBXShellScriptBuildPhase section */
		A35D13268002580CBD1D864A /* [CP] Embed Pods Frameworks */ = {
			isa = PBXShellScriptBuildPhase;
			buildActionMask = 2147483647;
			files = (
			);
			inputPaths = (
				"${SRCROOT}/Pods/Target Support Files/Pods-Smack/Pods-Smack-frameworks.sh",
				"${BUILT_PRODUCTS_DIR}/Alamofire/Alamofire.framework",
				"${BUILT_PRODUCTS_DIR}/Socket.IO-Client-Swift/SocketIO.framework",
				"${BUILT_PRODUCTS_DIR}/Starscream/Starscream.framework",
				"${BUILT_PRODUCTS_DIR}/SwiftyJSON/SwiftyJSON.framework",
			);
			name = "[CP] Embed Pods Frameworks";
			outputPaths = (
				"${TARGET_BUILD_DIR}/${FRAMEWORKS_FOLDER_PATH}/Alamofire.framework",
				"${TARGET_BUILD_DIR}/${FRAMEWORKS_FOLDER_PATH}/SocketIO.framework",
				"${TARGET_BUILD_DIR}/${FRAMEWORKS_FOLDER_PATH}/Starscream.framework",
				"${TARGET_BUILD_DIR}/${FRAMEWORKS_FOLDER_PATH}/SwiftyJSON.framework",
			);
			runOnlyForDeploymentPostprocessing = 0;
			shellPath = /bin/sh;
			shellScript = "\"${SRCROOT}/Pods/Target Support Files/Pods-Smack/Pods-Smack-frameworks.sh\"\n";
			showEnvVarsInLog = 0;
		};
		B7DF30E96B7035AECA4A49BA /* [CP] Check Pods Manifest.lock */ = {
			isa = PBXShellScriptBuildPhase;
			buildActionMask = 2147483647;
			files = (
			);
			inputPaths = (
				"${PODS_PODFILE_DIR_PATH}/Podfile.lock",
				"${PODS_ROOT}/Manifest.lock",
			);
			name = "[CP] Check Pods Manifest.lock";
			outputPaths = (
				"$(DERIVED_FILE_DIR)/Pods-Smack-checkManifestLockResult.txt",
			);
			runOnlyForDeploymentPostprocessing = 0;
			shellPath = /bin/sh;
			shellScript = "diff \"${PODS_PODFILE_DIR_PATH}/Podfile.lock\" \"${PODS_ROOT}/Manifest.lock\" > /dev/null\nif [ $? != 0 ] ; then\n    # print error to STDERR\n    echo \"error: The sandbox is not in sync with the Podfile.lock. Run 'pod install' or update your CocoaPods installation.\" >&2\n    exit 1\nfi\n# This output is used by Xcode 'outputs' to avoid re-running this script phase.\necho \"SUCCESS\" > \"${SCRIPT_OUTPUT_FILE_0}\"\n";
			showEnvVarsInLog = 0;
		};
/* End PBXShellScriptBuildPhase section */

/* Begin PBXSourcesBuildPhase section */
		8D8DA9C722B9C6880007C8A5 /* Sources */ = {
			isa = PBXSourcesBuildPhase;
			buildActionMask = 2147483647;
			files = (
				8D43AD5022BA09390019B94A /* ChannelVC.swift in Sources */,
				8D23B9F722C32DF200090FC5 /* RoundedButton.swift in Sources */,
				8D43AD4E22BA09050019B94A /* ChatVC.swift in Sources */,
				8DFBE0F922C848C60046A63F /* UserDataService.swift in Sources */,
				8D45539622BDB33900527453 /* CreateAccountVC.swift in Sources */,
				8DD33BBE22C1BE86008602AE /* AuthService.swift in Sources */,
				8D45539422BCC44500527453 /* LoginVC.swift in Sources */,
				8D45539222BCB10800527453 /* Constatnts.swift in Sources */,
				8DDB094E22BC40BE004D897F /* GradientView.swift in Sources */,
				8D8DA9CF22B9C6880007C8A5 /* AppDelegate.swift in Sources */,
				8D346F2922B9D93800BADE38 /* SWRevealViewController.m in Sources */,
			);
			runOnlyForDeploymentPostprocessing = 0;
		};
/* End PBXSourcesBuildPhase section */

/* Begin PBXVariantGroup section */
		8D8DA9D222B9C6880007C8A5 /* Main.storyboard */ = {
			isa = PBXVariantGroup;
			children = (
				8D8DA9D322B9C6880007C8A5 /* Base */,
			);
			name = Main.storyboard;
			sourceTree = "<group>";
		};
		8D8DA9D722B9C6890007C8A5 /* LaunchScreen.storyboard */ = {
			isa = PBXVariantGroup;
			children = (
				8D8DA9D822B9C6890007C8A5 /* Base */,
			);
			name = LaunchScreen.storyboard;
			sourceTree = "<group>";
		};
/* End PBXVariantGroup section */

/* Begin XCBuildConfiguration section */
		8D8DA9DB22B9C6890007C8A5 /* Debug */ = {
			isa = XCBuildConfiguration;
			buildSettings = {
				ALWAYS_SEARCH_USER_PATHS = NO;
				CLANG_ANALYZER_NONNULL = YES;
				CLANG_ANALYZER_NUMBER_OBJECT_CONVERSION = YES_AGGRESSIVE;
				CLANG_CXX_LANGUAGE_STANDARD = "gnu++14";
				CLANG_CXX_LIBRARY = "libc++";
				CLANG_ENABLE_MODULES = YES;
				CLANG_ENABLE_OBJC_ARC = YES;
				CLANG_ENABLE_OBJC_WEAK = YES;
				CLANG_WARN_BLOCK_CAPTURE_AUTORELEASING = YES;
				CLANG_WARN_BOOL_CONVERSION = YES;
				CLANG_WARN_COMMA = YES;
				CLANG_WARN_CONSTANT_CONVERSION = YES;
				CLANG_WARN_DEPRECATED_OBJC_IMPLEMENTATIONS = YES;
				CLANG_WARN_DIRECT_OBJC_ISA_USAGE = YES_ERROR;
				CLANG_WARN_DOCUMENTATION_COMMENTS = YES;
				CLANG_WARN_EMPTY_BODY = YES;
				CLANG_WARN_ENUM_CONVERSION = YES;
				CLANG_WARN_INFINITE_RECURSION = YES;
				CLANG_WARN_INT_CONVERSION = YES;
				CLANG_WARN_NON_LITERAL_NULL_CONVERSION = YES;
				CLANG_WARN_OBJC_IMPLICIT_RETAIN_SELF = YES;
				CLANG_WARN_OBJC_LITERAL_CONVERSION = YES;
				CLANG_WARN_OBJC_ROOT_CLASS = YES_ERROR;
				CLANG_WARN_RANGE_LOOP_ANALYSIS = YES;
				CLANG_WARN_STRICT_PROTOTYPES = YES;
				CLANG_WARN_SUSPICIOUS_MOVE = YES;
				CLANG_WARN_UNGUARDED_AVAILABILITY = YES_AGGRESSIVE;
				CLANG_WARN_UNREACHABLE_CODE = YES;
				CLANG_WARN__DUPLICATE_METHOD_MATCH = YES;
				CODE_SIGN_IDENTITY = "iPhone Developer";
				COPY_PHASE_STRIP = NO;
				DEBUG_INFORMATION_FORMAT = dwarf;
				ENABLE_STRICT_OBJC_MSGSEND = YES;
				ENABLE_TESTABILITY = YES;
				GCC_C_LANGUAGE_STANDARD = gnu11;
				GCC_DYNAMIC_NO_PIC = NO;
				GCC_NO_COMMON_BLOCKS = YES;
				GCC_OPTIMIZATION_LEVEL = 0;
				GCC_PREPROCESSOR_DEFINITIONS = (
					"DEBUG=1",
					"$(inherited)",
				);
				GCC_WARN_64_TO_32_BIT_CONVERSION = YES;
				GCC_WARN_ABOUT_RETURN_TYPE = YES_ERROR;
				GCC_WARN_UNDECLARED_SELECTOR = YES;
				GCC_WARN_UNINITIALIZED_AUTOS = YES_AGGRESSIVE;
				GCC_WARN_UNUSED_FUNCTION = YES;
				GCC_WARN_UNUSED_VARIABLE = YES;
				IPHONEOS_DEPLOYMENT_TARGET = 12.1;
				MTL_ENABLE_DEBUG_INFO = INCLUDE_SOURCE;
				MTL_FAST_MATH = YES;
				ONLY_ACTIVE_ARCH = YES;
				SDKROOT = iphoneos;
				SWIFT_ACTIVE_COMPILATION_CONDITIONS = DEBUG;
				SWIFT_OPTIMIZATION_LEVEL = "-Onone";
			};
			name = Debug;
		};
		8D8DA9DC22B9C6890007C8A5 /* Release */ = {
			isa = XCBuildConfiguration;
			buildSettings = {
				ALWAYS_SEARCH_USER_PATHS = NO;
				CLANG_ANALYZER_NONNULL = YES;
				CLANG_ANALYZER_NUMBER_OBJECT_CONVERSION = YES_AGGRESSIVE;
				CLANG_CXX_LANGUAGE_STANDARD = "gnu++14";
				CLANG_CXX_LIBRARY = "libc++";
				CLANG_ENABLE_MODULES = YES;
				CLANG_ENABLE_OBJC_ARC = YES;
				CLANG_ENABLE_OBJC_WEAK = YES;
				CLANG_WARN_BLOCK_CAPTURE_AUTORELEASING = YES;
				CLANG_WARN_BOOL_CONVERSION = YES;
				CLANG_WARN_COMMA = YES;
				CLANG_WARN_CONSTANT_CONVERSION = YES;
				CLANG_WARN_DEPRECATED_OBJC_IMPLEMENTATIONS = YES;
				CLANG_WARN_DIRECT_OBJC_ISA_USAGE = YES_ERROR;
				CLANG_WARN_DOCUMENTATION_COMMENTS = YES;
				CLANG_WARN_EMPTY_BODY = YES;
				CLANG_WARN_ENUM_CONVERSION = YES;
				CLANG_WARN_INFINITE_RECURSION = YES;
				CLANG_WARN_INT_CONVERSION = YES;
				CLANG_WARN_NON_LITERAL_NULL_CONVERSION = YES;
				CLANG_WARN_OBJC_IMPLICIT_RETAIN_SELF = YES;
				CLANG_WARN_OBJC_LITERAL_CONVERSION = YES;
				CLANG_WARN_OBJC_ROOT_CLASS = YES_ERROR;
				CLANG_WARN_RANGE_LOOP_ANALYSIS = YES;
				CLANG_WARN_STRICT_PROTOTYPES = YES;
				CLANG_WARN_SUSPICIOUS_MOVE = YES;
				CLANG_WARN_UNGUARDED_AVAILABILITY = YES_AGGRESSIVE;
				CLANG_WARN_UNREACHABLE_CODE = YES;
				CLANG_WARN__DUPLICATE_METHOD_MATCH = YES;
				CODE_SIGN_IDENTITY = "iPhone Developer";
				COPY_PHASE_STRIP = NO;
				DEBUG_INFORMATION_FORMAT = "dwarf-with-dsym";
				ENABLE_NS_ASSERTIONS = NO;
				ENABLE_STRICT_OBJC_MSGSEND = YES;
				GCC_C_LANGUAGE_STANDARD = gnu11;
				GCC_NO_COMMON_BLOCKS = YES;
				GCC_WARN_64_TO_32_BIT_CONVERSION = YES;
				GCC_WARN_ABOUT_RETURN_TYPE = YES_ERROR;
				GCC_WARN_UNDECLARED_SELECTOR = YES;
				GCC_WARN_UNINITIALIZED_AUTOS = YES_AGGRESSIVE;
				GCC_WARN_UNUSED_FUNCTION = YES;
				GCC_WARN_UNUSED_VARIABLE = YES;
				IPHONEOS_DEPLOYMENT_TARGET = 12.1;
				MTL_ENABLE_DEBUG_INFO = NO;
				MTL_FAST_MATH = YES;
				SDKROOT = iphoneos;
				SWIFT_COMPILATION_MODE = wholemodule;
				SWIFT_OPTIMIZATION_LEVEL = "-O";
				VALIDATE_PRODUCT = YES;
			};
			name = Release;
		};
		8D8DA9DE22B9C6890007C8A5 /* Debug */ = {
			isa = XCBuildConfiguration;
			baseConfigurationReference = 413127CAB77CDEEE414F72A2 /* Pods-Smack.debug.xcconfig */;
			buildSettings = {
				ASSETCATALOG_COMPILER_APPICON_NAME = AppIcon;
				CLANG_ENABLE_MODULES = YES;
				CODE_SIGN_STYLE = Automatic;
				DEVELOPMENT_TEAM = "";
				INFOPLIST_FILE = Smack/Info.plist;
				LD_RUNPATH_SEARCH_PATHS = (
					"$(inherited)",
					"@executable_path/Frameworks",
				);
				PRODUCT_BUNDLE_IDENTIFIER = com.maksimus.Smack;
				PRODUCT_NAME = "$(TARGET_NAME)";
				SWIFT_OBJC_BRIDGING_HEADER = "Smack/Supporting Files/Smack-Bridging-Header.h";
				SWIFT_OPTIMIZATION_LEVEL = "-Onone";
				SWIFT_VERSION = 4.2;
				TARGETED_DEVICE_FAMILY = "1,2";
			};
			name = Debug;
		};
		8D8DA9DF22B9C6890007C8A5 /* Release */ = {
			isa = XCBuildConfiguration;
			baseConfigurationReference = F7B100CD222855825E14BE83 /* Pods-Smack.release.xcconfig */;
			buildSettings = {
				ASSETCATALOG_COMPILER_APPICON_NAME = AppIcon;
				CLANG_ENABLE_MODULES = YES;
				CODE_SIGN_STYLE = Automatic;
				DEVELOPMENT_TEAM = "";
				INFOPLIST_FILE = Smack/Info.plist;
				LD_RUNPATH_SEARCH_PATHS = (
					"$(inherited)",
					"@executable_path/Frameworks",
				);
				PRODUCT_BUNDLE_IDENTIFIER = com.maksimus.Smack;
				PRODUCT_NAME = "$(TARGET_NAME)";
				SWIFT_OBJC_BRIDGING_HEADER = "Smack/Supporting Files/Smack-Bridging-Header.h";
				SWIFT_VERSION = 4.2;
				TARGETED_DEVICE_FAMILY = "1,2";
			};
			name = Release;
		};
/* End XCBuildConfiguration section */

/* Begin XCConfigurationList section */
		8D8DA9C622B9C6880007C8A5 /* Build configuration list for PBXProject "Smack" */ = {
			isa = XCConfigurationList;
			buildConfigurations = (
				8D8DA9DB22B9C6890007C8A5 /* Debug */,
				8D8DA9DC22B9C6890007C8A5 /* Release */,
			);
			defaultConfigurationIsVisible = 0;
			defaultConfigurationName = Release;
		};
		8D8DA9DD22B9C6890007C8A5 /* Build configuration list for PBXNativeTarget "Smack" */ = {
			isa = XCConfigurationList;
			buildConfigurations = (
				8D8DA9DE22B9C6890007C8A5 /* Debug */,
				8D8DA9DF22B9C6890007C8A5 /* Release */,
			);
			defaultConfigurationIsVisible = 0;
			defaultConfigurationName = Release;
		};
/* End XCConfigurationList section */
	};
	rootObject = 8D8DA9C322B9C6880007C8A5 /* Project object */;
}
